
Microsoft Visual Studio Solution File, Format Version 12.00
# Visual Studio Version 16
VisualStudioVersion = 16.0.32228.343
MinimumVisualStudioVersion = 10.0.40219.1
Project("{9A19103F-16F7-4668-BE54-9A1E7A4F7556}") = "DAL", "DAL\DAL.csproj", "{252580AD-A150-4668-95EB-61D561A84E52}"
EndProject
Project("{9A19103F-16F7-4668-BE54-9A1E7A4F7556}") = "Entity", "Entity\Entity.csproj", "{46C0885C-73CD-4247-B9AC-C22E24C4E64A}"
EndProject
Project("{9A19103F-16F7-4668-BE54-9A1E7A4F7556}") = "BLL", "BLL\BLL.csproj", "{9BE245E2-849C-40A1-8824-E8D37D34A4DC}"
EndProject
Project("{9A19103F-16F7-4668-BE54-9A1E7A4F7556}") = "API", "API\API.csproj", "{9858D9EB-F09E-4F29-B4F3-575537BE2FEC}"
EndProject
Project("{FAE04EC0-301F-11D3-BF4B-00C04F79EFBC}") = "DTO", "DTO\DTO.csproj", "{DAFBFBAA-F5C2-4A15-8DD0-15297130F349}"
EndProject
Global
	GlobalSection(SolutionConfigurationPlatforms) = preSolution
		Debug|Any CPU = Debug|Any CPU
		Release|Any CPU = Release|Any CPU
	EndGlobalSection
	GlobalSection(ProjectConfigurationPlatforms) = postSolution
		{252580AD-A150-4668-95EB-61D561A84E52}.Debug|Any CPU.ActiveCfg = Debug|Any CPU
		{252580AD-A150-4668-95EB-61D561A84E52}.Debug|Any CPU.Build.0 = Debug|Any CPU
		{252580AD-A150-4668-95EB-61D561A84E52}.Release|Any CPU.ActiveCfg = Release|Any CPU
		{252580AD-A150-4668-95EB-61D561A84E52}.Release|Any CPU.Build.0 = Release|Any CPU
		{46C0885C-73CD-4247-B9AC-C22E24C4E64A}.Debug|Any CPU.ActiveCfg = Debug|Any CPU
		{46C0885C-73CD-4247-B9AC-C22E24C4E64A}.Debug|Any CPU.Build.0 = Debug|Any CPU
		{46C0885C-73CD-4247-B9AC-C22E24C4E64A}.Release|Any CPU.ActiveCfg = Release|Any CPU
		{46C0885C-73CD-4247-B9AC-C22E24C4E64A}.Release|Any CPU.Build.0 = Release|Any CPU
		{9BE245E2-849C-40A1-8824-E8D37D34A4DC}.Debug|Any CPU.ActiveCfg = Debug|Any CPU
		{9BE245E2-849C-40A1-8824-E8D37D34A4DC}.Debug|Any CPU.Build.0 = Debug|Any CPU
		{9BE245E2-849C-40A1-8824-E8D37D34A4DC}.Release|Any CPU.ActiveCfg = Release|Any CPU
		{9BE245E2-849C-40A1-8824-E8D37D34A4DC}.Release|Any CPU.Build.0 = Release|Any CPU
		{9858D9EB-F09E-4F29-B4F3-575537BE2FEC}.Debug|Any CPU.ActiveCfg = Debug|Any CPU
		{9858D9EB-F09E-4F29-B4F3-575537BE2FEC}.Debug|Any CPU.Build.0 = Debug|Any CPU
		{9858D9EB-F09E-4F29-B4F3-575537BE2FEC}.Release|Any CPU.ActiveCfg = Release|Any CPU
		{9858D9EB-F09E-4F29-B4F3-575537BE2FEC}.Release|Any CPU.Build.0 = Release|Any CPU
		{DAFBFBAA-F5C2-4A15-8DD0-15297130F349}.Debug|Any CPU.ActiveCfg = Debug|Any CPU
		{DAFBFBAA-F5C2-4A15-8DD0-15297130F349}.Debug|Any CPU.Build.0 = Debug|Any CPU
		{DAFBFBAA-F5C2-4A15-8DD0-15297130F349}.Release|Any CPU.ActiveCfg = Release|Any CPU
		{DAFBFBAA-F5C2-4A15-8DD0-15297130F349}.Release|Any CPU.Build.0 = Release|Any CPU
	EndGlobalSection
	GlobalSection(SolutionProperties) = preSolution
		HideSolutionNode = FALSE
	EndGlobalSection
	GlobalSection(ExtensibilityGlobals) = postSolution
		SolutionGuid = {4D3C8D79-199D-418B-ACD8-9C1BFFF0F5C4}
	EndGlobalSection
EndGlobal
